Microsoft Visual Studio Solution File, Format Version 12.00
# Visual Studio Version 16
VisualStudioVersion = 16.0.29806.167
MinimumVisualStudioVersion = 10.0.40219.1
Project("{9A19103F-16F7-4668-BE54-9A1E7A4F7556}") = "AlipaySDKNet", "AlipaySDKNet\AlipaySDKNet.csproj", "{FD14DBCB-6945-4D2B-B8C1-C2BB4056247D}"
EndProject
Project("{9A19103F-16F7-4668-BE54-9A1E7A4F7556}") = "AlipaySDKNet.Test", "AlipaySDKNet.Test\AlipaySDKNet.Test.csproj", "{D8015A99-AD06-4136-9246-5D416247B32C}"
EndProject
Global
	GlobalSection(SolutionConfigurationPlatforms) = preSolution
		Debug|Any CPU = Debug|Any CPU
		Release|Any CPU = Release|Any CPU
	EndGlobalSection
	GlobalSection(ProjectConfigurationPlatforms) = postSolution
		{D8015A99-AD06-4136-9246-5D416247B32C}.Debug|Any CPU.ActiveCfg = Debug|Any CPU
		{D8015A99-AD06-4136-9246-5D416247B32C}.Debug|Any CPU.Build.0 = Debug|Any CPU
		{D8015A99-AD06-4136-9246-5D416247B32C}.Release|Any CPU.ActiveCfg = Release|Any CPU
		{D8015A99-AD06-4136-9246-5D416247B32C}.Release|Any CPU.Build.0 = Release|Any CPU
		{FD14DBCB-6945-4D2B-B8C1-C2BB4056247D}.Debug|Any CPU.ActiveCfg = Debug|Any CPU
		{FD14DBCB-6945-4D2B-B8C1-C2BB4056247D}.Debug|Any CPU.Build.0 = Debug|Any CPU
		{FD14DBCB-6945-4D2B-B8C1-C2BB4056247D}.Release|Any CPU.ActiveCfg = Release|Any CPU
		{FD14DBCB-6945-4D2B-B8C1-C2BB4056247D}.Release|Any CPU.Build.0 = Release|Any CPU
	EndGlobalSection
	GlobalSection(SolutionProperties) = preSolution
		HideSolutionNode = FALSE
	EndGlobalSection
	GlobalSection(ExtensibilityGlobals) = postSolution
		SolutionGuid = {070845A9-28C1-4B31-8E36-ED3ADA33A087}
	EndGlobalSection
EndGlobal
