Microsoft Visual Studio Solution File, Format Version 12.00
# Visual Studio 14
VisualStudioVersion = 14.0.25420.1
MinimumVisualStudioVersion = 10.0.40219.1
Project("{FAE04EC0-301F-11D3-BF4B-00C04F79EFBC}") = "AlipaySDKNet.OpenAPI", "src\AlipaySDKNet.OpenAPI\AlipaySDKNet.OpenAPI.csproj", "{CC391F18-80E8-440C-985C-373A894E1DB9}"
EndProject
Project("{FAE04EC0-301F-11D3-BF4B-00C04F79EFBC}") = "AlipaySDKNet.OpenAPI.Test", "src\AlipaySDKNet.OpenAPI.Test\AlipaySDKNet.OpenAPI.Test.csproj", "{19F1DEBC-DE5E-4517-8062-F000CD499087}"
EndProject
Global
	GlobalSection(SolutionConfigurationPlatforms) = preSolution
		Debug|Any CPU = Debug|Any CPU
		Release|Any CPU = Release|Any CPU
	EndGlobalSection
	GlobalSection(ProjectConfigurationPlatforms) = postSolution
		{CC391F18-80E8-440C-985C-373A894E1DB9}.Debug|Any CPU.ActiveCfg = Debug|Any CPU
		{CC391F18-80E8-440C-985C-373A894E1DB9}.Debug|Any CPU.Build.0 = Debug|Any CPU
		{CC391F18-80E8-440C-985C-373A894E1DB9}.Release|Any CPU.ActiveCfg = Release|Any CPU
		{CC391F18-80E8-440C-985C-373A894E1DB9}.Release|Any CPU.Build.0 = Release|Any CPU
		{19F1DEBC-DE5E-4517-8062-F000CD499087}.Debug|Any CPU.ActiveCfg = Debug|Any CPU
		{19F1DEBC-DE5E-4517-8062-F000CD499087}.Debug|Any CPU.Build.0 = Debug|Any CPU
		{19F1DEBC-DE5E-4517-8062-F000CD499087}.Release|Any CPU.ActiveCfg = Release|Any CPU
		{19F1DEBC-DE5E-4517-8062-F000CD499087}.Release|Any CPU.Build.0 = Release|Any CPU
	EndGlobalSection
	GlobalSection(SolutionProperties) = preSolution
		HideSolutionNode = FALSE
	EndGlobalSection
EndGlobal